// !$*UTF8*$!
{
	archiveVersion = 1;
	classes = {
	};
	objectVersion = 56;
	objects = {

/* Begin PBXBuildFile section */
		D1A602E629CD6A6D00F93D64 /* AppDelegate.swift in Sources */ = {isa = PBXBuildFile; fileRef = D1A602E529CD6A6D00F93D64 /* AppDelegate.swift */; };
		D1A602E829CD6A6D00F93D64 /* SceneDelegate.swift in Sources */ = {isa = PBXBuildFile; fileRef = D1A602E729CD6A6D00F93D64 /* SceneDelegate.swift */; };
		D1A602EF29CD6A6E00F93D64 /* Assets.xcassets in Resources */ = {isa = PBXBuildFile; fileRef = D1A602EE29CD6A6E00F93D64 /* Assets.xcassets */; };
		D1A602F229CD6A6E00F93D64 /* LaunchScreen.storyboard in Resources */ = {isa = PBXBuildFile; fileRef = D1A602F029CD6A6E00F93D64 /* LaunchScreen.storyboard */; };
		D1A602FB29CD6A9700F93D64 /* SnapKit in Frameworks */ = {isa = PBXBuildFile; productRef = D1A602FA29CD6A9700F93D64 /* SnapKit */; };
		D1A602FD29CD6B2C00F93D64 /* StartViewController.swift in Sources */ = {isa = PBXBuildFile; fileRef = D1A602FC29CD6B2C00F93D64 /* StartViewController.swift */; };
		D1A602FF29CD9CCA00F93D64 /* SecondViewController.swift in Sources */ = {isa = PBXBuildFile; fileRef = D1A602FE29CD9CCA00F93D64 /* SecondViewController.swift */; };
		D1A6030129CDA43C00F93D64 /* ThirdViewController.swift in Sources */ = {isa = PBXBuildFile; fileRef = D1A6030029CDA43C00F93D64 /* ThirdViewController.swift */; };
/* End PBXBuildFile section */

/* Begin PBXFileReference section */
		D1A602E229CD6A6D00F93D64 /* dz6.3.app */ = {isa = PBXFileReference; explicitFileType = wrapper.application; includeInIndex = 0; path = dz6.3.app; sourceTree = BUILT_PRODUCTS_DIR; };
		D1A602E529CD6A6D00F93D64 /* AppDelegate.swift */ = {isa = PBXFileReference; lastKnownFileType = sourcecode.swift; path = AppDelegate.swift; sourceTree = "<group>"; };
		D1A602E729CD6A6D00F93D64 /* SceneDelegate.swift */ = {isa = PBXFileReference; lastKnownFileType = sourcecode.swift; path = SceneDelegate.swift; sourceTree = "<group>"; };
		D1A602EE29CD6A6E00F93D64 /* Assets.xcassets */ = {isa = PBXFileReference; lastKnownFileType = folder.assetcatalog; path = Assets.xcassets; sourceTree = "<group>"; };
		D1A602F129CD6A6E00F93D64 /* Base */ = {isa = PBXFileReference; lastKnownFileType = file.storyboard; name = Base; path = Base.lproj/LaunchScreen.storyboard; sourceTree = "<group>"; };
		D1A602F329CD6A6E00F93D64 /* Info.plist */ = {isa = PBXFileReference; lastKnownFileType = text.plist.xml; path = Info.plist; sourceTree = "<group>"; };
		D1A602FC29CD6B2C00F93D64 /* StartViewController.swift */ = {isa = PBXFileReference; lastKnownFileType = sourcecode.swift; path = StartViewController.swift; sourceTree = "<group>"; };
		D1A602FE29CD9CCA00F93D64 /* SecondViewController.swift */ = {isa = PBXFileReference; lastKnownFileType = sourcecode.swift; path = SecondViewController.swift; sourceTree = "<group>"; };
		D1A6030029CDA43C00F93D64 /* ThirdViewController.swift */ = {isa = PBXFileReference; lastKnownFileType = sourcecode.swift; path = ThirdViewController.swift; sourceTree = "<group>"; };
/* End PBXFileReference section */

/* Begin PBXFrameworksBuildPhase section */
		D1A602DF29CD6A6D00F93D64 /* Frameworks */ = {
			isa = PBXFrameworksBuildPhase;
			buildActionMask = 2147483647;
			files = (
				D1A602FB29CD6A9700F93D64 /* SnapKit in Frameworks */,
			);
			runOnlyForDeploymentPostprocessing = 0;
		};
/* End PBXFrameworksBuildPhase section */

/* Begin PBXGroup section */
		D1A602D929CD6A6D00F93D64 = {
			isa = PBXGroup;
			children = (
				D1A602E429CD6A6D00F93D64 /* dz6.3 */,
				D1A602E329CD6A6D00F93D64 /* Products */,
			);
			sourceTree = "<group>";
		};
		D1A602E329CD6A6D00F93D64 /* Products */ = {
			isa = PBXGroup;
			children = (
				D1A602E229CD6A6D00F93D64 /* dz6.3.app */,
			);
			name = Products;
			sourceTree = "<group>";
		};
		D1A602E429CD6A6D00F93D64 /* dz6.3 */ = {
			isa = PBXGroup;
			children = (
				D1A6030229CDA47E00F93D64 /* AppDelegate */,
				D1A6030329CDA4B400F93D64 /* common */,
				D1A602EE29CD6A6E00F93D64 /* Assets.xcassets */,
				D1A602F029CD6A6E00F93D64 /* LaunchScreen.storyboard */,
				D1A602F329CD6A6E00F93D64 /* Info.plist */,
			);
			path = dz6.3;
			sourceTree = "<group>";
		};
		D1A6030229CDA47E00F93D64 /* AppDelegate */ = {
			isa = PBXGroup;
			children = (
				D1A602E529CD6A6D00F93D64 /* AppDelegate.swift */,
				D1A602E729CD6A6D00F93D64 /* SceneDelegate.swift */,
			);
			path = AppDelegate;
			sourceTree = "<group>";
		};
		D1A6030329CDA4B400F93D64 /* common */ = {
			isa = PBXGroup;
			children = (
				D1A602FC29CD6B2C00F93D64 /* StartViewController.swift */,
				D1A602FE29CD9CCA00F93D64 /* SecondViewController.swift */,
				D1A6030029CDA43C00F93D64 /* ThirdViewController.swift */,
			);
			path = common;
			sourceTree = "<group>";
		};
/* End PBXGroup section */

/* Begin PBXNativeTarget section */
		D1A602E129CD6A6D00F93D64 /* dz6.3 */ = {
			isa = PBXNativeTarget;
			buildConfigurationList = D1A602F629CD6A6E00F93D64 /* Build configuration list for PBXNativeTarget "dz6.3" */;
			buildPhases = (
				D1A602DE29CD6A6D00F93D64 /* Sources */,
				D1A602DF29CD6A6D00F93D64 /* Frameworks */,
				D1A602E029CD6A6D00F93D64 /* Resources */,
			);
			buildRules = (
			);
			dependencies = (
			);
			name = dz6.3;
			packageProductDependencies = (
				D1A602FA29CD6A9700F93D64 /* SnapKit */,
			);
			productName = dz6.3;
			productReference = D1A602E229CD6A6D00F93D64 /* dz6.3.app */;
			productType = "com.apple.product-type.application";
		};
/* End PBXNativeTarget section */

/* Begin PBXProject section */
		D1A602DA29CD6A6D00F93D64 /* Project object */ = {
			isa = PBXProject;
			attributes = {
				BuildIndependentTargetsInParallel = 1;
				LastSwiftUpdateCheck = 1420;
				LastUpgradeCheck = 1420;
				TargetAttributes = {
					D1A602E129CD6A6D00F93D64 = {
						CreatedOnToolsVersion = 14.2;
					};
				};
			};
			buildConfigurationList = D1A602DD29CD6A6D00F93D64 /* Build configuration list for PBXProject "dz6.3" */;
			compatibilityVersion = "Xcode 14.0";
			developmentRegion = en;
			hasScannedForEncodings = 0;
			knownRegions = (
				en,
				Base,
			);
			mainGroup = D1A602D929CD6A6D00F93D64;
			packageReferences = (
				D1A602F929CD6A9700F93D64 /* XCRemoteSwiftPackageReference "SnapKit" */,
			);
			productRefGroup = D1A602E329CD6A6D00F93D64 /* Products */;
			projectDirPath = "";
			projectRoot = "";
			targets = (
				D1A602E129CD6A6D00F93D64 /* dz6.3 */,
			);
		};
/* End PBXProject section */

/* Begin PBXResourcesBuildPhase section */
		D1A602E029CD6A6D00F93D64 /* Resources */ = {
			isa = PBXResourcesBuildPhase;
			buildActionMask = 2147483647;
			files = (
				D1A602F229CD6A6E00F93D64 /* LaunchScreen.storyboard in Resources */,
				D1A602EF29CD6A6E00F93D64 /* Assets.xcassets in Resources */,
			);
			runOnlyForDeploymentPostprocessing = 0;
		};
/* End PBXResourcesBuildPhase section */

/* Begin PBXSourcesBuildPhase section */
		D1A602DE29CD6A6D00F93D64 /* Sources */ = {
			isa = PBXSourcesBuildPhase;
			buildActionMask = 2147483647;
			files = (
				D1A602FF29CD9CCA00F93D64 /* SecondViewController.swift in Sources */,
				D1A602FD29CD6B2C00F93D64 /* StartViewController.swift in Sources */,
				D1A6030129CDA43C00F93D64 /* ThirdViewController.swift in Sources */,
				D1A602E629CD6A6D00F93D64 /* AppDelegate.swift in Sources */,
				D1A602E829CD6A6D00F93D64 /* SceneDelegate.swift in Sources */,
			);
			runOnlyForDeploymentPostprocessing = 0;
		};
/* End PBXSourcesBuildPhase section */

/* Begin PBXVariantGroup section */
		D1A602F029CD6A6E00F93D64 /* LaunchScreen.storyboard */ = {
			isa = PBXVariantGroup;
			children = (
				D1A602F129CD6A6E00F93D64 /* Base */,
			);
			name = LaunchScreen.storyboard;
			sourceTree = "<group>";
		};
/* End PBXVariantGroup section */

/* Begin XCBuildConfiguration section */
		D1A602F429CD6A6E00F93D64 /* Debug */ = {
			isa = XCBuildConfiguration;
			buildSettings = {
				ALWAYS_SEARCH_USER_PATHS = NO;
				CLANG_ANALYZER_NONNULL = YES;
				CLANG_ANALYZER_NUMBER_OBJECT_CONVERSION = YES_AGGRESSIVE;
				CLANG_CXX_LANGUAGE_STANDARD = "gnu++20";
				CLANG_ENABLE_MODULES = YES;
				CLANG_ENABLE_OBJC_ARC = YES;
				CLANG_ENABLE_OBJC_WEAK = YES;
				CLANG_WARN_BLOCK_CAPTURE_AUTORELEASING = YES;
				CLANG_WARN_BOOL_CONVERSION = YES;
				CLANG_WARN_COMMA = YES;
				CLANG_WARN_CONSTANT_CONVERSION = YES;
				CLANG_WARN_DEPRECATED_OBJC_IMPLEMENTATIONS = YES;
				CLANG_WARN_DIRECT_OBJC_ISA_USAGE = YES_ERROR;
				CLANG_WARN_DOCUMENTATION_COMMENTS = YES;
				CLANG_WARN_EMPTY_BODY = YES;
				CLANG_WARN_ENUM_CONVERSION = YES;
				CLANG_WARN_INFINITE_RECURSION = YES;
				CLANG_WARN_INT_CONVERSION = YES;
				CLANG_WARN_NON_LITERAL_NULL_CONVERSION = YES;
				CLANG_WARN_OBJC_IMPLICIT_RETAIN_SELF = YES;
				CLANG_WARN_OBJC_LITERAL_CONVERSION = YES;
				CLANG_WARN_OBJC_ROOT_CLASS = YES_ERROR;
				CLANG_WARN_QUOTED_INCLUDE_IN_FRAMEWORK_HEADER = YES;
				CLANG_WARN_RANGE_LOOP_ANALYSIS = YES;
				CLANG_WARN_STRICT_PROTOTYPES = YES;
				CLANG_WARN_SUSPICIOUS_MOVE = YES;
				CLANG_WARN_UNGUARDED_AVAILABILITY = YES_AGGRESSIVE;
				CLANG_WARN_UNREACHABLE_CODE = YES;
				CLANG_WARN__DUPLICATE_METHOD_MATCH = YES;
				COPY_PHASE_STRIP = NO;
				DEBUG_INFORMATION_FORMAT = dwarf;
				ENABLE_STRICT_OBJC_MSGSEND = YES;
				ENABLE_TESTABILITY = YES;
				GCC_C_LANGUAGE_STANDARD = gnu11;
				GCC_DYNAMIC_NO_PIC = NO;
				GCC_NO_COMMON_BLOCKS = YES;
				GCC_OPTIMIZATION_LEVEL = 0;
				GCC_PREPROCESSOR_DEFINITIONS = (
					"DEBUG=1",
					"$(inherited)",
				);
				GCC_WARN_64_TO_32_BIT_CONVERSION = YES;
				GCC_WARN_ABOUT_RETURN_TYPE = YES_ERROR;
				GCC_WARN_UNDECLARED_SELECTOR = YES;
				GCC_WARN_UNINITIALIZED_AUTOS = YES_AGGRESSIVE;
				GCC_WARN_UNUSED_FUNCTION = YES;
				GCC_WARN_UNUSED_VARIABLE = YES;
				IPHONEOS_DEPLOYMENT_TARGET = 16.2;
				MTL_ENABLE_DEBUG_INFO = INCLUDE_SOURCE;
				MTL_FAST_MATH = YES;
				ONLY_ACTIVE_ARCH = YES;
				SDKROOT = iphoneos;
				SWIFT_ACTIVE_COMPILATION_CONDITIONS = DEBUG;
				SWIFT_OPTIMIZATION_LEVEL = "-Onone";
			};
			name = Debug;
		};
		D1A602F529CD6A6E00F93D64 /* Release */ = {
			isa = XCBuildConfiguration;
			buildSettings = {
				ALWAYS_SEARCH_USER_PATHS = NO;
				CLANG_ANALYZER_NONNULL = YES;
				CLANG_ANALYZER_NUMBER_OBJECT_CONVERSION = YES_AGGRESSIVE;
				CLANG_CXX_LANGUAGE_STANDARD = "gnu++20";
				CLANG_ENABLE_MODULES = YES;
				CLANG_ENABLE_OBJC_ARC = YES;
				CLANG_ENABLE_OBJC_WEAK = YES;
				CLANG_WARN_BLOCK_CAPTURE_AUTORELEASING = YES;
				CLANG_WARN_BOOL_CONVERSION = YES;
				CLANG_WARN_COMMA = YES;
				CLANG_WARN_CONSTANT_CONVERSION = YES;
				CLANG_WARN_DEPRECATED_OBJC_IMPLEMENTATIONS = YES;
				CLANG_WARN_DIRECT_OBJC_ISA_USAGE = YES_ERROR;
				CLANG_WARN_DOCUMENTATION_COMMENTS = YES;
				CLANG_WARN_EMPTY_BODY = YES;
				CLANG_WARN_ENUM_CONVERSION = YES;
				CLANG_WARN_INFINITE_RECURSION = YES;
				CLANG_WARN_INT_CONVERSION = YES;
				CLANG_WARN_NON_LITERAL_NULL_CONVERSION = YES;
				CLANG_WARN_OBJC_IMPLICIT_RETAIN_SELF = YES;
				CLANG_WARN_OBJC_LITERAL_CONVERSION = YES;
				CLANG_WARN_OBJC_ROOT_CLASS = YES_ERROR;
				CLANG_WARN_QUOTED_INCLUDE_IN_FRAMEWORK_HEADER = YES;
				CLANG_WARN_RANGE_LOOP_ANALYSIS = YES;
				CLANG_WARN_STRICT_PROTOTYPES = YES;
				CLANG_WARN_SUSPICIOUS_MOVE = YES;
				CLANG_WARN_UNGUARDED_AVAILABILITY = YES_AGGRESSIVE;
				CLANG_WARN_UNREACHABLE_CODE = YES;
				CLANG_WARN__DUPLICATE_METHOD_MATCH = YES;
				COPY_PHASE_STRIP = NO;
				DEBUG_INFORMATION_FORMAT = "dwarf-with-dsym";
				ENABLE_NS_ASSERTIONS = NO;
				ENABLE_STRICT_OBJC_MSGSEND = YES;
				GCC_C_LANGUAGE_STANDARD = gnu11;
				GCC_NO_COMMON_BLOCKS = YES;
				GCC_WARN_64_TO_32_BIT_CONVERSION = YES;
				GCC_WARN_ABOUT_RETURN_TYPE = YES_ERROR;
				GCC_WARN_UNDECLARED_SELECTOR = YES;
				GCC_WARN_UNINITIALIZED_AUTOS = YES_AGGRESSIVE;
				GCC_WARN_UNUSED_FUNCTION = YES;
				GCC_WARN_UNUSED_VARIABLE = YES;
				IPHONEOS_DEPLOYMENT_TARGET = 16.2;
				MTL_ENABLE_DEBUG_INFO = NO;
				MTL_FAST_MATH = YES;
				SDKROOT = iphoneos;
				SWIFT_COMPILATION_MODE = wholemodule;
				SWIFT_OPTIMIZATION_LEVEL = "-O";
				VALIDATE_PRODUCT = YES;
			};
			name = Release;
		};
		D1A602F729CD6A6E00F93D64 /* Debug */ = {
			isa = XCBuildConfiguration;
			buildSettings = {
				ASSETCATALOG_COMPILER_APPICON_NAME = AppIcon;
				ASSETCATALOG_COMPILER_GLOBAL_ACCENT_COLOR_NAME = AccentColor;
				CODE_SIGN_STYLE = Automatic;
				CURRENT_PROJECT_VERSION = 1;
				GENERATE_INFOPLIST_FILE = YES;
				INFOPLIST_FILE = dz6.3/Info.plist;
				INFOPLIST_KEY_UIApplicationSupportsIndirectInputEvents = YES;
				INFOPLIST_KEY_UILaunchStoryboardName = LaunchScreen;
				INFOPLIST_KEY_UISupportedInterfaceOrientations_iPad = "UIInterfaceOrientationPortrait UIInterfaceOrientationPortraitUpsideDown UIInterfaceOrientationLandscapeLeft UIInterfaceOrientationLandscapeRight";
				INFOPLIST_KEY_UISupportedInterfaceOrientations_iPhone = "UIInterfaceOrientationPortrait UIInterfaceOrientationLandscapeLeft UIInterfaceOrientationLandscapeRight";
				LD_RUNPATH_SEARCH_PATHS = (
					"$(inherited)",
					"@executable_path/Frameworks",
				);
				MARKETING_VERSION = 1.0;
				PRODUCT_BUNDLE_IDENTIFIER = "swe.dz6-3";
				PRODUCT_NAME = "$(TARGET_NAME)";
				SWIFT_EMIT_LOC_STRINGS = YES;
				SWIFT_VERSION = 5.0;
				TARGETED_DEVICE_FAMILY = "1,2";
			};
			name = Debug;
		};
		D1A602F829CD6A6E00F93D64 /* Release */ = {
			isa = XCBuildConfiguration;
			buildSettings = {
				ASSETCATALOG_COMPILER_APPICON_NAME = AppIcon;
				ASSETCATALOG_COMPILER_GLOBAL_ACCENT_COLOR_NAME = AccentColor;
				CODE_SIGN_STYLE = Automatic;
				CURRENT_PROJECT_VERSION = 1;
				GENERATE_INFOPLIST_FILE = YES;
				INFOPLIST_FILE = dz6.3/Info.plist;
				INFOPLIST_KEY_UIApplicationSupportsIndirectInputEvents = YES;
				INFOPLIST_KEY_UILaunchStoryboardName = LaunchScreen;
				INFOPLIST_KEY_UISupportedInterfaceOrientations_iPad = "UIInterfaceOrientationPortrait UIInterfaceOrientationPortraitUpsideDown UIInterfaceOrientationLandscapeLeft UIInterfaceOrientationLandscapeRight";
				INFOPLIST_KEY_UISupportedInterfaceOrientations_iPhone = "UIInterfaceOrientationPortrait UIInterfaceOrientationLandscapeLeft UIInterfaceOrientationLandscapeRight";
				LD_RUNPATH_SEARCH_PATHS = (
					"$(inherited)",
					"@executable_path/Frameworks",
				);
				MARKETING_VERSION = 1.0;
				PRODUCT_BUNDLE_IDENTIFIER = "swe.dz6-3";
				PRODUCT_NAME = "$(TARGET_NAME)";
				SWIFT_EMIT_LOC_STRINGS = YES;
				SWIFT_VERSION = 5.0;
				TARGETED_DEVICE_FAMILY = "1,2";
			};
			name = Release;
		};
/* End XCBuildConfiguration section */

/* Begin XCConfigurationList section */
		D1A602DD29CD6A6D00F93D64 /* Build configuration list for PBXProject "dz6.3" */ = {
			isa = XCConfigurationList;
			buildConfigurations = (
				D1A602F429CD6A6E00F93D64 /* Debug */,
				D1A602F529CD6A6E00F93D64 /* Release */,
			);
			defaultConfigurationIsVisible = 0;
			defaultConfigurationName = Release;
		};
		D1A602F629CD6A6E00F93D64 /* Build configuration list for PBXNativeTarget "dz6.3" */ = {
			isa = XCConfigurationList;
			buildConfigurations = (
				D1A602F729CD6A6E00F93D64 /* Debug */,
				D1A602F829CD6A6E00F93D64 /* Release */,
			);
			defaultConfigurationIsVisible = 0;
			defaultConfigurationName = Release;
		};
/* End XCConfigurationList section */

/* Begin XCRemoteSwiftPackageReference section */
		D1A602F929CD6A9700F93D64 /* XCRemoteSwiftPackageReference "SnapKit" */ = {
			isa = XCRemoteSwiftPackageReference;
			repositoryURL = "https://github.com/SnapKit/SnapKit.git";
			requirement = {
				branch = develop;
				kind = branch;
			};
		};
/* End XCRemoteSwiftPackageReference section */

/* Begin XCSwiftPackageProductDependency section */
		D1A602FA29CD6A9700F93D64 /* SnapKit */ = {
			isa = XCSwiftPackageProductDependency;
			package = D1A602F929CD6A9700F93D64 /* XCRemoteSwiftPackageReference "SnapKit" */;
			productName = SnapKit;
		};
/* End XCSwiftPackageProductDependency section */
	};
	rootObject = D1A602DA29CD6A6D00F93D64 /* Project object */;
}
